// !$*UTF8*$!
{
	archiveVersion = 1;
	classes = {
	};
	objectVersion = 77;
	objects = {

/* Begin PBXBuildFile section */
		1E0421AC2D22FE8A00231A5D /* SixPlayerSelectorView.swift in Sources */ = {isa = PBXBuildFile; fileRef = 1E0421AB2D22FE8A00231A5D /* SixPlayerSelectorView.swift */; };
		1E0421AE2D231ED300231A5D /* ButtonViews.swift in Sources */ = {isa = PBXBuildFile; fileRef = 1E0421AD2D231ED300231A5D /* ButtonViews.swift */; };
		1E0421B02D23919C00231A5D /* GetNewNames.swift in Sources */ = {isa = PBXBuildFile; fileRef = 1E0421AF2D23919C00231A5D /* GetNewNames.swift */; };
		1E0421B22D24276D00231A5D /* HatOverlay.swift in Sources */ = {isa = PBXBuildFile; fileRef = 1E0421B12D24276D00231A5D /* HatOverlay.swift */; };
		1E09C1112D17827800B94FA5 /* ChooserView.swift in Sources */ = {isa = PBXBuildFile; fileRef = 1E09C1072D17827800B94FA5 /* ChooserView.swift */; };
		1E09C1122D17827800B94FA5 /* CutthroatView.swift in Sources */ = {isa = PBXBuildFile; fileRef = 1E09C1082D17827800B94FA5 /* CutthroatView.swift */; };
		1E09C1132D17827800B94FA5 /* PoolBallView.swift in Sources */ = {isa = PBXBuildFile; fileRef = 1E09C1092D17827800B94FA5 /* PoolBallView.swift */; };
		1E09C1142D17827800B94FA5 /* PoolScorecardApp.swift in Sources */ = {isa = PBXBuildFile; fileRef = 1E09C10A2D17827800B94FA5 /* PoolScorecardApp.swift */; };
		1E09C1152D17827800B94FA5 /* Spherify.swift in Sources */ = {isa = PBXBuildFile; fileRef = 1E09C10B2D17827800B94FA5 /* Spherify.swift */; };
		1E09C1162D17827800B94FA5 /* StripeSolidView.swift in Sources */ = {isa = PBXBuildFile; fileRef = 1E09C10C2D17827800B94FA5 /* StripeSolidView.swift */; };
		1E09C1172D17827800B94FA5 /* UltraScorecard.swift in Sources */ = {isa = PBXBuildFile; fileRef = 1E09C10D2D17827800B94FA5 /* UltraScorecard.swift */; };
		1E09C1182D17827800B94FA5 /* UltraView.swift in Sources */ = {isa = PBXBuildFile; fileRef = 1E09C10E2D17827800B94FA5 /* UltraView.swift */; };
		1E09C1192D17827800B94FA5 /* UltraViewModel.swift in Sources */ = {isa = PBXBuildFile; fileRef = 1E09C10F2D17827800B94FA5 /* UltraViewModel.swift */; };
		1E09C11A2D17827800B94FA5 /* Preview Assets.xcassets in Resources */ = {isa = PBXBuildFile; fileRef = 1E09C1042D17827800B94FA5 /* Preview Assets.xcassets */; };
		1E09C11B2D17827800B94FA5 /* Assets.xcassets in Resources */ = {isa = PBXBuildFile; fileRef = 1E09C1062D17827800B94FA5 /* Assets.xcassets */; };
		1E09C11E2D18A06A00B94FA5 /* RedHatDisplay-Italic-VariableFont_wght.ttf in Resources */ = {isa = PBXBuildFile; fileRef = 1E09C11C2D18A06A00B94FA5 /* RedHatDisplay-Italic-VariableFont_wght.ttf */; };
		1E09C11F2D18A06A00B94FA5 /* RedHatDisplay-VariableFont_wght.ttf in Resources */ = {isa = PBXBuildFile; fileRef = 1E09C11D2D18A06A00B94FA5 /* RedHatDisplay-VariableFont_wght.ttf */; };
		1EA00B6F2D1AFD8B00073BFF /* NewGameView.swift in Sources */ = {isa = PBXBuildFile; fileRef = 1EA00B6E2D1AFD8B00073BFF /* NewGameView.swift */; };
		1EA00B712D1DE13A00073BFF /* BackButton.swift in Sources */ = {isa = PBXBuildFile; fileRef = 1EA00B702D1DE13A00073BFF /* BackButton.swift */; };
/* End PBXBuildFile section */

/* Begin PBXFileReference section */
		1E0421AB2D22FE8A00231A5D /* SixPlayerSelectorView.swift */ = {isa = PBXFileReference; lastKnownFileType = sourcecode.swift; path = SixPlayerSelectorView.swift; sourceTree = "<group>"; };
		1E0421AD2D231ED300231A5D /* ButtonViews.swift */ = {isa = PBXFileReference; lastKnownFileType = sourcecode.swift; path = ButtonViews.swift; sourceTree = "<group>"; };
		1E0421AF2D23919C00231A5D /* GetNewNames.swift */ = {isa = PBXFileReference; lastKnownFileType = sourcecode.swift; path = GetNewNames.swift; sourceTree = "<group>"; };
		1E0421B12D24276D00231A5D /* HatOverlay.swift */ = {isa = PBXFileReference; lastKnownFileType = sourcecode.swift; path = HatOverlay.swift; sourceTree = "<group>"; };
		1E09C1042D17827800B94FA5 /* Preview Assets.xcassets */ = {isa = PBXFileReference; lastKnownFileType = folder.assetcatalog; path = "Preview Assets.xcassets"; sourceTree = "<group>"; };
		1E09C1062D17827800B94FA5 /* Assets.xcassets */ = {isa = PBXFileReference; lastKnownFileType = folder.assetcatalog; path = Assets.xcassets; sourceTree = "<group>"; };
		1E09C1072D17827800B94FA5 /* ChooserView.swift */ = {isa = PBXFileReference; lastKnownFileType = sourcecode.swift; path = ChooserView.swift; sourceTree = "<group>"; };
		1E09C1082D17827800B94FA5 /* CutthroatView.swift */ = {isa = PBXFileReference; lastKnownFileType = sourcecode.swift; path = CutthroatView.swift; sourceTree = "<group>"; };
		1E09C1092D17827800B94FA5 /* PoolBallView.swift */ = {isa = PBXFileReference; lastKnownFileType = sourcecode.swift; path = PoolBallView.swift; sourceTree = "<group>"; };
		1E09C10A2D17827800B94FA5 /* PoolScorecardApp.swift */ = {isa = PBXFileReference; lastKnownFileType = sourcecode.swift; path = PoolScorecardApp.swift; sourceTree = "<group>"; };
		1E09C10B2D17827800B94FA5 /* Spherify.swift */ = {isa = PBXFileReference; lastKnownFileType = sourcecode.swift; path = Spherify.swift; sourceTree = "<group>"; };
		1E09C10C2D17827800B94FA5 /* StripeSolidView.swift */ = {isa = PBXFileReference; lastKnownFileType = sourcecode.swift; path = StripeSolidView.swift; sourceTree = "<group>"; };
		1E09C10D2D17827800B94FA5 /* UltraScorecard.swift */ = {isa = PBXFileReference; lastKnownFileType = sourcecode.swift; path = UltraScorecard.swift; sourceTree = "<group>"; };
		1E09C10E2D17827800B94FA5 /* UltraView.swift */ = {isa = PBXFileReference; lastKnownFileType = sourcecode.swift; path = UltraView.swift; sourceTree = "<group>"; };
		1E09C10F2D17827800B94FA5 /* UltraViewModel.swift */ = {isa = PBXFileReference; lastKnownFileType = sourcecode.swift; path = UltraViewModel.swift; sourceTree = "<group>"; };
		1E09C11C2D18A06A00B94FA5 /* RedHatDisplay-Italic-VariableFont_wght.ttf */ = {isa = PBXFileReference; lastKnownFileType = file; path = "RedHatDisplay-Italic-VariableFont_wght.ttf"; sourceTree = "<group>"; };
		1E09C11D2D18A06A00B94FA5 /* RedHatDisplay-VariableFont_wght.ttf */ = {isa = PBXFileReference; lastKnownFileType = file; name = "RedHatDisplay-VariableFont_wght.ttf"; path = "Fonts/RedHatDisplay-VariableFont_wght.ttf"; sourceTree = SOURCE_ROOT; };
		1E09C1212D18A7A800B94FA5 /* Info.plist */ = {isa = PBXFileReference; lastKnownFileType = text.plist; path = Info.plist; sourceTree = "<group>"; };
		1EA00B6E2D1AFD8B00073BFF /* NewGameView.swift */ = {isa = PBXFileReference; lastKnownFileType = sourcecode.swift; path = NewGameView.swift; sourceTree = "<group>"; };
		1EA00B702D1DE13A00073BFF /* BackButton.swift */ = {isa = PBXFileReference; lastKnownFileType = sourcecode.swift; path = BackButton.swift; sourceTree = "<group>"; };
		1EBAFFEF2CCEDE17002C0E30 /* PoolScorecard.app */ = {isa = PBXFileReference; explicitFileType = wrapper.application; includeInIndex = 0; path = PoolScorecard.app; sourceTree = BUILT_PRODUCTS_DIR; };
/* End PBXFileReference section */

/* Begin PBXFrameworksBuildPhase section */
		1EBAFFEC2CCEDE17002C0E30 /* Frameworks */ = {
			isa = PBXFrameworksBuildPhase;
			buildActionMask = 2147483647;
			files = (
			);
			runOnlyForDeploymentPostprocessing = 0;
		};
/* End PBXFrameworksBuildPhase section */

/* Begin PBXGroup section */
		1E09C1052D17827800B94FA5 /* Preview Content */ = {
			isa = PBXGroup;
			children = (
				1E09C1042D17827800B94FA5 /* Preview Assets.xcassets */,
			);
			path = "Preview Content";
			sourceTree = "<group>";
		};
		1E09C1102D17827800B94FA5 /* PoolScorecard */ = {
			isa = PBXGroup;
			children = (
				1E09C1212D18A7A800B94FA5 /* Info.plist */,
				1E09C1052D17827800B94FA5 /* Preview Content */,
				1E09C1062D17827800B94FA5 /* Assets.xcassets */,
				1E09C10A2D17827800B94FA5 /* PoolScorecardApp.swift */,
				1E09C1072D17827800B94FA5 /* ChooserView.swift */,
				1E0421AB2D22FE8A00231A5D /* SixPlayerSelectorView.swift */,
				1E09C10C2D17827800B94FA5 /* StripeSolidView.swift */,
				1E09C1082D17827800B94FA5 /* CutthroatView.swift */,
				1E0421B12D24276D00231A5D /* HatOverlay.swift */,
				1E0421AF2D23919C00231A5D /* GetNewNames.swift */,
				1EA00B6E2D1AFD8B00073BFF /* NewGameView.swift */,
				1E09C10E2D17827800B94FA5 /* UltraView.swift */,
				1EA00B702D1DE13A00073BFF /* BackButton.swift */,
				1E0421AD2D231ED300231A5D /* ButtonViews.swift */,
				1E09C10F2D17827800B94FA5 /* UltraViewModel.swift */,
				1E09C10D2D17827800B94FA5 /* UltraScorecard.swift */,
				1E09C1092D17827800B94FA5 /* PoolBallView.swift */,
				1E09C10B2D17827800B94FA5 /* Spherify.swift */,
			);
			path = PoolScorecard;
			sourceTree = "<group>";
		};
		1E09C1202D18A36000B94FA5 /* Fonts */ = {
			isa = PBXGroup;
			children = (
				1E09C11C2D18A06A00B94FA5 /* RedHatDisplay-Italic-VariableFont_wght.ttf */,
				1E09C11D2D18A06A00B94FA5 /* RedHatDisplay-VariableFont_wght.ttf */,
			);
			path = Fonts;
			sourceTree = "<group>";
		};
		1EBAFFE62CCEDE17002C0E30 = {
			isa = PBXGroup;
			children = (
				1E09C1102D17827800B94FA5 /* PoolScorecard */,
				1EBAFFF02CCEDE17002C0E30 /* Products */,
				1E09C1202D18A36000B94FA5 /* Fonts */,
			);
			sourceTree = "<group>";
		};
		1EBAFFF02CCEDE17002C0E30 /* Products */ = {
			isa = PBXGroup;
			children = (
				1EBAFFEF2CCEDE17002C0E30 /* PoolScorecard.app */,
			);
			name = Products;
			sourceTree = "<group>";
		};
/* End PBXGroup section */

/* Begin PBXNativeTarget section */
		1EBAFFEE2CCEDE17002C0E30 /* PoolScorecard */ = {
			isa = PBXNativeTarget;
			buildConfigurationList = 1EBAFFFD2CCEDE1B002C0E30 /* Build configuration list for PBXNativeTarget "PoolScorecard" */;
			buildPhases = (
				1EBAFFEB2CCEDE17002C0E30 /* Sources */,
				1EBAFFEC2CCEDE17002C0E30 /* Frameworks */,
				1EBAFFED2CCEDE17002C0E30 /* Resources */,
			);
			buildRules = (
			);
			dependencies = (
			);
			name = PoolScorecard;
			packageProductDependencies = (
			);
			productName = PoolScorecard;
			productReference = 1EBAFFEF2CCEDE17002C0E30 /* PoolScorecard.app */;
			productType = "com.apple.product-type.application";
		};
/* End PBXNativeTarget section */

/* Begin PBXProject section */
		1EBAFFE72CCEDE17002C0E30 /* Project object */ = {
			isa = PBXProject;
			attributes = {
				BuildIndependentTargetsInParallel = 1;
				LastSwiftUpdateCheck = 1600;
				LastUpgradeCheck = 1600;
				TargetAttributes = {
					1EBAFFEE2CCEDE17002C0E30 = {
						CreatedOnToolsVersion = 16.0;
					};
				};
			};
			buildConfigurationList = 1EBAFFEA2CCEDE17002C0E30 /* Build configuration list for PBXProject "PoolScorecard" */;
			developmentRegion = en;
			hasScannedForEncodings = 0;
			knownRegions = (
				en,
				Base,
			);
			mainGroup = 1EBAFFE62CCEDE17002C0E30;
			minimizedProjectReferenceProxies = 1;
			preferredProjectObjectVersion = 77;
			productRefGroup = 1EBAFFF02CCEDE17002C0E30 /* Products */;
			projectDirPath = "";
			projectRoot = "";
			targets = (
				1EBAFFEE2CCEDE17002C0E30 /* PoolScorecard */,
			);
		};
/* End PBXProject section */

/* Begin PBXResourcesBuildPhase section */
		1EBAFFED2CCEDE17002C0E30 /* Resources */ = {
			isa = PBXResourcesBuildPhase;
			buildActionMask = 2147483647;
			files = (
				1E09C11A2D17827800B94FA5 /* Preview Assets.xcassets in Resources */,
				1E09C11E2D18A06A00B94FA5 /* RedHatDisplay-Italic-VariableFont_wght.ttf in Resources */,
				1E09C11F2D18A06A00B94FA5 /* RedHatDisplay-VariableFont_wght.ttf in Resources */,
				1E09C11B2D17827800B94FA5 /* Assets.xcassets in Resources */,
			);
			runOnlyForDeploymentPostprocessing = 0;
		};
/* End PBXResourcesBuildPhase section */

/* Begin PBXSourcesBuildPhase section */
		1EBAFFEB2CCEDE17002C0E30 /* Sources */ = {
			isa = PBXSourcesBuildPhase;
			buildActionMask = 2147483647;
			files = (
				1E09C1112D17827800B94FA5 /* ChooserView.swift in Sources */,
				1E09C1122D17827800B94FA5 /* CutthroatView.swift in Sources */,
				1E09C1132D17827800B94FA5 /* PoolBallView.swift in Sources */,
				1E09C1142D17827800B94FA5 /* PoolScorecardApp.swift in Sources */,
				1E09C1152D17827800B94FA5 /* Spherify.swift in Sources */,
				1EA00B6F2D1AFD8B00073BFF /* NewGameView.swift in Sources */,
				1E09C1162D17827800B94FA5 /* StripeSolidView.swift in Sources */,
				1E09C1172D17827800B94FA5 /* UltraScorecard.swift in Sources */,
				1E09C1182D17827800B94FA5 /* UltraView.swift in Sources */,
				1EA00B712D1DE13A00073BFF /* BackButton.swift in Sources */,
				1E0421B22D24276D00231A5D /* HatOverlay.swift in Sources */,
				1E0421B02D23919C00231A5D /* GetNewNames.swift in Sources */,
				1E09C1192D17827800B94FA5 /* UltraViewModel.swift in Sources */,
				1E0421AC2D22FE8A00231A5D /* SixPlayerSelectorView.swift in Sources */,
				1E0421AE2D231ED300231A5D /* ButtonViews.swift in Sources */,
			);
			runOnlyForDeploymentPostprocessing = 0;
		};
/* End PBXSourcesBuildPhase section */

/* Begin XCBuildConfiguration section */
		1EBAFFFB2CCEDE1B002C0E30 /* Debug */ = {
			isa = XCBuildConfiguration;
			buildSettings = {
				ALWAYS_SEARCH_USER_PATHS = NO;
				ASSETCATALOG_COMPILER_GENERATE_SWIFT_ASSET_SYMBOL_EXTENSIONS = YES;
				CLANG_ANALYZER_NONNULL = YES;
				CLANG_ANALYZER_NUMBER_OBJECT_CONVERSION = YES_AGGRESSIVE;
				CLANG_CXX_LANGUAGE_STANDARD = "gnu++20";
				CLANG_ENABLE_MODULES = YES;
				CLANG_ENABLE_OBJC_ARC = YES;
				CLANG_ENABLE_OBJC_WEAK = YES;
				CLANG_WARN_BLOCK_CAPTURE_AUTORELEASING = YES;
				CLANG_WARN_BOOL_CONVERSION = YES;
				CLANG_WARN_COMMA = YES;
				CLANG_WARN_CONSTANT_CONVERSION = YES;
				CLANG_WARN_DEPRECATED_OBJC_IMPLEMENTATIONS = YES;
				CLANG_WARN_DIRECT_OBJC_ISA_USAGE = YES_ERROR;
				CLANG_WARN_DOCUMENTATION_COMMENTS = YES;
				CLANG_WARN_EMPTY_BODY = YES;
				CLANG_WARN_ENUM_CONVERSION = YES;
				CLANG_WARN_INFINITE_RECURSION = YES;
				CLANG_WARN_INT_CONVERSION = YES;
				CLANG_WARN_NON_LITERAL_NULL_CONVERSION = YES;
				CLANG_WARN_OBJC_IMPLICIT_RETAIN_SELF = YES;
				CLANG_WARN_OBJC_LITERAL_CONVERSION = YES;
				CLANG_WARN_OBJC_ROOT_CLASS = YES_ERROR;
				CLANG_WARN_QUOTED_INCLUDE_IN_FRAMEWORK_HEADER = YES;
				CLANG_WARN_RANGE_LOOP_ANALYSIS = YES;
				CLANG_WARN_STRICT_PROTOTYPES = YES;
				CLANG_WARN_SUSPICIOUS_MOVE = YES;
				CLANG_WARN_UNGUARDED_AVAILABILITY = YES_AGGRESSIVE;
				CLANG_WARN_UNREACHABLE_CODE = YES;
				CLANG_WARN__DUPLICATE_METHOD_MATCH = YES;
				COPY_PHASE_STRIP = NO;
				DEBUG_INFORMATION_FORMAT = dwarf;
				ENABLE_STRICT_OBJC_MSGSEND = YES;
				ENABLE_TESTABILITY = YES;
				ENABLE_USER_SCRIPT_SANDBOXING = YES;
				GCC_C_LANGUAGE_STANDARD = gnu17;
				GCC_DYNAMIC_NO_PIC = NO;
				GCC_NO_COMMON_BLOCKS = YES;
				GCC_OPTIMIZATION_LEVEL = 0;
				GCC_PREPROCESSOR_DEFINITIONS = (
					"DEBUG=1",
					"$(inherited)",
				);
				GCC_WARN_64_TO_32_BIT_CONVERSION = YES;
				GCC_WARN_ABOUT_RETURN_TYPE = YES_ERROR;
				GCC_WARN_UNDECLARED_SELECTOR = YES;
				GCC_WARN_UNINITIALIZED_AUTOS = YES_AGGRESSIVE;
				GCC_WARN_UNUSED_FUNCTION = YES;
				GCC_WARN_UNUSED_VARIABLE = YES;
				IPHONEOS_DEPLOYMENT_TARGET = 18.0;
				LOCALIZATION_PREFERS_STRING_CATALOGS = YES;
				MTL_ENABLE_DEBUG_INFO = INCLUDE_SOURCE;
				MTL_FAST_MATH = YES;
				ONLY_ACTIVE_ARCH = YES;
				SDKROOT = iphoneos;
				SWIFT_ACTIVE_COMPILATION_CONDITIONS = "DEBUG $(inherited)";
				SWIFT_OPTIMIZATION_LEVEL = "-Onone";
			};
			name = Debug;
		};
		1EBAFFFC2CCEDE1B002C0E30 /* Release */ = {
			isa = XCBuildConfiguration;
			buildSettings = {
				ALWAYS_SEARCH_USER_PATHS = NO;
				ASSETCATALOG_COMPILER_GENERATE_SWIFT_ASSET_SYMBOL_EXTENSIONS = YES;
				CLANG_ANALYZER_NONNULL = YES;
				CLANG_ANALYZER_NUMBER_OBJECT_CONVERSION = YES_AGGRESSIVE;
				CLANG_CXX_LANGUAGE_STANDARD = "gnu++20";
				CLANG_ENABLE_MODULES = YES;
				CLANG_ENABLE_OBJC_ARC = YES;
				CLANG_ENABLE_OBJC_WEAK = YES;
				CLANG_WARN_BLOCK_CAPTURE_AUTORELEASING = YES;
				CLANG_WARN_BOOL_CONVERSION = YES;
				CLANG_WARN_COMMA = YES;
				CLANG_WARN_CONSTANT_CONVERSION = YES;
				CLANG_WARN_DEPRECATED_OBJC_IMPLEMENTATIONS = YES;
				CLANG_WARN_DIRECT_OBJC_ISA_USAGE = YES_ERROR;
				CLANG_WARN_DOCUMENTATION_COMMENTS = YES;
				CLANG_WARN_EMPTY_BODY = YES;
				CLANG_WARN_ENUM_CONVERSION = YES;
				CLANG_WARN_INFINITE_RECURSION = YES;
				CLANG_WARN_INT_CONVERSION = YES;
				CLANG_WARN_NON_LITERAL_NULL_CONVERSION = YES;
				CLANG_WARN_OBJC_IMPLICIT_RETAIN_SELF = YES;
				CLANG_WARN_OBJC_LITERAL_CONVERSION = YES;
				CLANG_WARN_OBJC_ROOT_CLASS = YES_ERROR;
				CLANG_WARN_QUOTED_INCLUDE_IN_FRAMEWORK_HEADER = YES;
				CLANG_WARN_RANGE_LOOP_ANALYSIS = YES;
				CLANG_WARN_STRICT_PROTOTYPES = YES;
				CLANG_WARN_SUSPICIOUS_MOVE = YES;
				CLANG_WARN_UNGUARDED_AVAILABILITY = YES_AGGRESSIVE;
				CLANG_WARN_UNREACHABLE_CODE = YES;
				CLANG_WARN__DUPLICATE_METHOD_MATCH = YES;
				COPY_PHASE_STRIP = NO;
				DEBUG_INFORMATION_FORMAT = "dwarf-with-dsym";
				ENABLE_NS_ASSERTIONS = NO;
				ENABLE_STRICT_OBJC_MSGSEND = YES;
				ENABLE_USER_SCRIPT_SANDBOXING = YES;
				GCC_C_LANGUAGE_STANDARD = gnu17;
				GCC_NO_COMMON_BLOCKS = YES;
				GCC_WARN_64_TO_32_BIT_CONVERSION = YES;
				GCC_WARN_ABOUT_RETURN_TYPE = YES_ERROR;
				GCC_WARN_UNDECLARED_SELECTOR = YES;
				GCC_WARN_UNINITIALIZED_AUTOS = YES_AGGRESSIVE;
				GCC_WARN_UNUSED_FUNCTION = YES;
				GCC_WARN_UNUSED_VARIABLE = YES;
				IPHONEOS_DEPLOYMENT_TARGET = 18.0;
				LOCALIZATION_PREFERS_STRING_CATALOGS = YES;
				MTL_ENABLE_DEBUG_INFO = NO;
				MTL_FAST_MATH = YES;
				SDKROOT = iphoneos;
				SWIFT_COMPILATION_MODE = wholemodule;
				VALIDATE_PRODUCT = YES;
			};
			name = Release;
		};
		1EBAFFFE2CCEDE1B002C0E30 /* Debug */ = {
			isa = XCBuildConfiguration;
			buildSettings = {
				ASSETCATALOG_COMPILER_APPICON_NAME = AppIcon;
				ASSETCATALOG_COMPILER_GLOBAL_ACCENT_COLOR_NAME = AccentColor;
				CODE_SIGN_STYLE = Automatic;
				CURRENT_PROJECT_VERSION = 1;
				DEVELOPMENT_ASSET_PATHS = "\"PoolScorecard/Preview Content\"";
				DEVELOPMENT_TEAM = GBD73BJ938;
				ENABLE_PREVIEWS = YES;
				GENERATE_INFOPLIST_FILE = YES;
				INFOPLIST_FILE = PoolScorecard/Info.plist;
				INFOPLIST_KEY_UIApplicationSceneManifest_Generation = YES;
				INFOPLIST_KEY_UIApplicationSupportsIndirectInputEvents = YES;
				INFOPLIST_KEY_UILaunchScreen_Generation = YES;
				INFOPLIST_KEY_UISupportedInterfaceOrientations_iPad = "UIInterfaceOrientationPortrait UIInterfaceOrientationPortraitUpsideDown UIInterfaceOrientationLandscapeLeft UIInterfaceOrientationLandscapeRight";
				INFOPLIST_KEY_UISupportedInterfaceOrientations_iPhone = "UIInterfaceOrientationPortrait UIInterfaceOrientationLandscapeLeft UIInterfaceOrientationLandscapeRight";
				LD_RUNPATH_SEARCH_PATHS = (
					"$(inherited)",
					"@executable_path/Frameworks",
				);
				MARKETING_VERSION = 1.0;
				PRODUCT_BUNDLE_IDENTIFIER = com.yahoo.fasciano.rob.PoolScorecard;
				PRODUCT_NAME = "$(TARGET_NAME)";
				SWIFT_EMIT_LOC_STRINGS = YES;
				SWIFT_VERSION = 5.0;
				TARGETED_DEVICE_FAMILY = "1,2";
			};
			name = Debug;
		};
		1EBAFFFF2CCEDE1B002C0E30 /* Release */ = {
			isa = XCBuildConfiguration;
			buildSettings = {
				ASSETCATALOG_COMPILER_APPICON_NAME = AppIcon;
				ASSETCATALOG_COMPILER_GLOBAL_ACCENT_COLOR_NAME = AccentColor;
				CODE_SIGN_STYLE = Automatic;
				CURRENT_PROJECT_VERSION = 1;
				DEVELOPMENT_ASSET_PATHS = "\"PoolScorecard/Preview Content\"";
				DEVELOPMENT_TEAM = GBD73BJ938;
				ENABLE_PREVIEWS = YES;
				GENERATE_INFOPLIST_FILE = YES;
				INFOPLIST_FILE = PoolScorecard/Info.plist;
				INFOPLIST_KEY_UIApplicationSceneManifest_Generation = YES;
				INFOPLIST_KEY_UIApplicationSupportsIndirectInputEvents = YES;
				INFOPLIST_KEY_UILaunchScreen_Generation = YES;
				INFOPLIST_KEY_UISupportedInterfaceOrientations_iPad = "UIInterfaceOrientationPortrait UIInterfaceOrientationPortraitUpsideDown UIInterfaceOrientationLandscapeLeft UIInterfaceOrientationLandscapeRight";
				INFOPLIST_KEY_UISupportedInterfaceOrientations_iPhone = "UIInterfaceOrientationPortrait UIInterfaceOrientationLandscapeLeft UIInterfaceOrientationLandscapeRight";
				LD_RUNPATH_SEARCH_PATHS = (
					"$(inherited)",
					"@executable_path/Frameworks",
				);
				MARKETING_VERSION = 1.0;
				PRODUCT_BUNDLE_IDENTIFIER = com.yahoo.fasciano.rob.PoolScorecard;
				PRODUCT_NAME = "$(TARGET_NAME)";
				SWIFT_EMIT_LOC_STRINGS = YES;
				SWIFT_VERSION = 5.0;
				TARGETED_DEVICE_FAMILY = "1,2";
			};
			name = Release;
		};
/* End XCBuildConfiguration section */

/* Begin XCConfigurationList section */
		1EBAFFEA2CCEDE17002C0E30 /* Build configuration list for PBXProject "PoolScorecard" */ = {
			isa = XCConfigurationList;
			buildConfigurations = (
				1EBAFFFB2CCEDE1B002C0E30 /* Debug */,
				1EBAFFFC2CCEDE1B002C0E30 /* Release */,
			);
			defaultConfigurationIsVisible = 0;
			defaultConfigurationName = Release;
		};
		1EBAFFFD2CCEDE1B002C0E30 /* Build configuration list for PBXNativeTarget "PoolScorecard" */ = {
			isa = XCConfigurationList;
			buildConfigurations = (
				1EBAFFFE2CCEDE1B002C0E30 /* Debug */,
				1EBAFFFF2CCEDE1B002C0E30 /* Release */,
			);
			defaultConfigurationIsVisible = 0;
			defaultConfigurationName = Release;
		};
/* End XCConfigurationList section */
	};
	rootObject = 1EBAFFE72CCEDE17002C0E30 /* Project object */;
}
